
Microsoft Visual Studio Solution File, Format Version 12.00
Project("{2150E333-8FDC-42A3-9474-1A3956D46DE8}") = "UserService", "UserService", "{815DA9B7-30B3-41D2-9DF5-01FA09D20687}"
EndProject
Project("{FAE04EC0-301F-11D3-BF4B-00C04F79EFBC}") = "UserService.Domain", "UserService.Domain\UserService.Domain.csproj", "{C5B5889B-3BFB-41E0-9692-2B4B23759A9F}"
EndProject
Project("{FAE04EC0-301F-11D3-BF4B-00C04F79EFBC}") = "UserService.Application", "UserService.Application\UserService.Application.csproj", "{1F22FB72-FBF4-4257-9702-4F293832F9F8}"
EndProject
Project("{FAE04EC0-301F-11D3-BF4B-00C04F79EFBC}") = "UserService.API", "UserService.API\UserService.API.csproj", "{BD718EC9-6DDB-4C8D-8A3F-64D6AFAE89DA}"
EndProject
Project("{FAE04EC0-301F-11D3-BF4B-00C04F79EFBC}") = "UserService.Infrastructure", "UserService.Infrastructure\UserService.Infrastructure.csproj", "{40C864A6-D749-49B7-B219-F5E81DD41750}"
EndProject
Project("{FAE04EC0-301F-11D3-BF4B-00C04F79EFBC}") = "AppHost", "AppHost\AppHost.csproj", "{5F3EBF3D-C4C5-49DB-8B4F-717ABD03A92D}"
EndProject
Project("{2150E333-8FDC-42A3-9474-1A3956D46DE8}") = "MatchService", "MatchService", "{D2AB3DAB-869A-4BF3-A41F-D28EF777879B}"
EndProject
Project("{FAE04EC0-301F-11D3-BF4B-00C04F79EFBC}") = "MatchService.API", "MatchService.API\MatchService.API.csproj", "{C156B647-BA4D-4126-8317-D7B00F289172}"
EndProject
Project("{FAE04EC0-301F-11D3-BF4B-00C04F79EFBC}") = "MatchService.Domain", "MatchService.Domain\MatchService.Domain.csproj", "{F52A8C87-0441-4074-BE74-A4F59CB62632}"
EndProject
Project("{FAE04EC0-301F-11D3-BF4B-00C04F79EFBC}") = "MatchService.Application", "MatchService.Application\MatchService.Application.csproj", "{7D4EE33D-42F6-4F36-ADC9-102C2E1A4779}"
EndProject
Project("{FAE04EC0-301F-11D3-BF4B-00C04F79EFBC}") = "MatchService.Infrastructure", "MatchService.Infrastructure\MatchService.Infrastructure.csproj", "{20018A86-C553-4E5A-BBF9-362260758735}"
EndProject
Global
	GlobalSection(SolutionConfigurationPlatforms) = preSolution
		Debug|Any CPU = Debug|Any CPU
		Release|Any CPU = Release|Any CPU
	EndGlobalSection
	GlobalSection(ProjectConfigurationPlatforms) = postSolution
		{C5B5889B-3BFB-41E0-9692-2B4B23759A9F}.Debug|Any CPU.ActiveCfg = Debug|Any CPU
		{C5B5889B-3BFB-41E0-9692-2B4B23759A9F}.Debug|Any CPU.Build.0 = Debug|Any CPU
		{C5B5889B-3BFB-41E0-9692-2B4B23759A9F}.Release|Any CPU.ActiveCfg = Release|Any CPU
		{C5B5889B-3BFB-41E0-9692-2B4B23759A9F}.Release|Any CPU.Build.0 = Release|Any CPU
		{1F22FB72-FBF4-4257-9702-4F293832F9F8}.Debug|Any CPU.ActiveCfg = Debug|Any CPU
		{1F22FB72-FBF4-4257-9702-4F293832F9F8}.Debug|Any CPU.Build.0 = Debug|Any CPU
		{1F22FB72-FBF4-4257-9702-4F293832F9F8}.Release|Any CPU.ActiveCfg = Release|Any CPU
		{1F22FB72-FBF4-4257-9702-4F293832F9F8}.Release|Any CPU.Build.0 = Release|Any CPU
		{BD718EC9-6DDB-4C8D-8A3F-64D6AFAE89DA}.Debug|Any CPU.ActiveCfg = Debug|Any CPU
		{BD718EC9-6DDB-4C8D-8A3F-64D6AFAE89DA}.Debug|Any CPU.Build.0 = Debug|Any CPU
		{BD718EC9-6DDB-4C8D-8A3F-64D6AFAE89DA}.Release|Any CPU.ActiveCfg = Release|Any CPU
		{BD718EC9-6DDB-4C8D-8A3F-64D6AFAE89DA}.Release|Any CPU.Build.0 = Release|Any CPU
		{40C864A6-D749-49B7-B219-F5E81DD41750}.Debug|Any CPU.ActiveCfg = Debug|Any CPU
		{40C864A6-D749-49B7-B219-F5E81DD41750}.Debug|Any CPU.Build.0 = Debug|Any CPU
		{40C864A6-D749-49B7-B219-F5E81DD41750}.Release|Any CPU.ActiveCfg = Release|Any CPU
		{40C864A6-D749-49B7-B219-F5E81DD41750}.Release|Any CPU.Build.0 = Release|Any CPU
		{5F3EBF3D-C4C5-49DB-8B4F-717ABD03A92D}.Debug|Any CPU.ActiveCfg = Debug|Any CPU
		{5F3EBF3D-C4C5-49DB-8B4F-717ABD03A92D}.Debug|Any CPU.Build.0 = Debug|Any CPU
		{5F3EBF3D-C4C5-49DB-8B4F-717ABD03A92D}.Release|Any CPU.ActiveCfg = Release|Any CPU
		{5F3EBF3D-C4C5-49DB-8B4F-717ABD03A92D}.Release|Any CPU.Build.0 = Release|Any CPU
		{C156B647-BA4D-4126-8317-D7B00F289172}.Debug|Any CPU.ActiveCfg = Debug|Any CPU
		{C156B647-BA4D-4126-8317-D7B00F289172}.Debug|Any CPU.Build.0 = Debug|Any CPU
		{C156B647-BA4D-4126-8317-D7B00F289172}.Release|Any CPU.ActiveCfg = Release|Any CPU
		{C156B647-BA4D-4126-8317-D7B00F289172}.Release|Any CPU.Build.0 = Release|Any CPU
		{F52A8C87-0441-4074-BE74-A4F59CB62632}.Debug|Any CPU.ActiveCfg = Debug|Any CPU
		{F52A8C87-0441-4074-BE74-A4F59CB62632}.Debug|Any CPU.Build.0 = Debug|Any CPU
		{F52A8C87-0441-4074-BE74-A4F59CB62632}.Release|Any CPU.ActiveCfg = Release|Any CPU
		{F52A8C87-0441-4074-BE74-A4F59CB62632}.Release|Any CPU.Build.0 = Release|Any CPU
		{7D4EE33D-42F6-4F36-ADC9-102C2E1A4779}.Debug|Any CPU.ActiveCfg = Debug|Any CPU
		{7D4EE33D-42F6-4F36-ADC9-102C2E1A4779}.Debug|Any CPU.Build.0 = Debug|Any CPU
		{7D4EE33D-42F6-4F36-ADC9-102C2E1A4779}.Release|Any CPU.ActiveCfg = Release|Any CPU
		{7D4EE33D-42F6-4F36-ADC9-102C2E1A4779}.Release|Any CPU.Build.0 = Release|Any CPU
		{20018A86-C553-4E5A-BBF9-362260758735}.Debug|Any CPU.ActiveCfg = Debug|Any CPU
		{20018A86-C553-4E5A-BBF9-362260758735}.Debug|Any CPU.Build.0 = Debug|Any CPU
		{20018A86-C553-4E5A-BBF9-362260758735}.Release|Any CPU.ActiveCfg = Release|Any CPU
		{20018A86-C553-4E5A-BBF9-362260758735}.Release|Any CPU.Build.0 = Release|Any CPU
	EndGlobalSection
	GlobalSection(NestedProjects) = preSolution
		{C5B5889B-3BFB-41E0-9692-2B4B23759A9F} = {815DA9B7-30B3-41D2-9DF5-01FA09D20687}
		{1F22FB72-FBF4-4257-9702-4F293832F9F8} = {815DA9B7-30B3-41D2-9DF5-01FA09D20687}
		{BD718EC9-6DDB-4C8D-8A3F-64D6AFAE89DA} = {815DA9B7-30B3-41D2-9DF5-01FA09D20687}
		{40C864A6-D749-49B7-B219-F5E81DD41750} = {815DA9B7-30B3-41D2-9DF5-01FA09D20687}
		{C156B647-BA4D-4126-8317-D7B00F289172} = {D2AB3DAB-869A-4BF3-A41F-D28EF777879B}
		{F52A8C87-0441-4074-BE74-A4F59CB62632} = {D2AB3DAB-869A-4BF3-A41F-D28EF777879B}
		{7D4EE33D-42F6-4F36-ADC9-102C2E1A4779} = {D2AB3DAB-869A-4BF3-A41F-D28EF777879B}
		{20018A86-C553-4E5A-BBF9-362260758735} = {D2AB3DAB-869A-4BF3-A41F-D28EF777879B}
	EndGlobalSection
EndGlobal
