
Microsoft Visual Studio Solution File, Format Version 12.00
# Visual Studio Version 17
VisualStudioVersion = 17.0.31903.59
MinimumVisualStudioVersion = 10.0.40219.1
Project("{FAE04EC0-301F-11D3-BF4B-00C04F79EFBC}") = "AppHost", "AppHost\AppHost.csproj", "{7DD5935D-7DE1-4D47-9857-A58AFB419D26}"
EndProject
Project("{FAE04EC0-301F-11D3-BF4B-00C04F79EFBC}") = "UserService.Api", "UserService.Api\UserService.Api.csproj", "{4C6B2DDF-E764-426A-8A4C-523C66554360}"
EndProject
Project("{2150E333-8FDC-42A3-9474-1A3956D46DE8}") = "UserService", "UserService", "{668476BA-41AC-4180-A60A-9A8000918553}"
EndProject
Project("{FAE04EC0-301F-11D3-BF4B-00C04F79EFBC}") = "UserService.Domain", "UserService\UserService.Domain\UserService.Domain.csproj", "{6C523AF3-2815-4197-9EB4-3F8C8BBC7C59}"
EndProject
Project("{FAE04EC0-301F-11D3-BF4B-00C04F79EFBC}") = "UserService.Infrastructure", "UserService\UserService.Infrastructure\UserService.Infrastructure.csproj", "{AE2986D1-4355-497C-9550-E19BE5CDA7C7}"
EndProject
Project("{FAE04EC0-301F-11D3-BF4B-00C04F79EFBC}") = "UserService.Application", "UserService\UserService.Application\UserService.Application.csproj", "{384E5547-E9BA-4E8D-884B-035DA3B8B0A0}"
EndProject
Project("{FAE04EC0-301F-11D3-BF4B-00C04F79EFBC}") = "UserService.Persistance", "UserService\UserService.Persistance\UserService.Persistance.csproj", "{13D256C2-067F-458B-8230-919A448157D8}"
EndProject
Global
	GlobalSection(SolutionConfigurationPlatforms) = preSolution
		Debug|Any CPU = Debug|Any CPU
		Release|Any CPU = Release|Any CPU
	EndGlobalSection
	GlobalSection(SolutionProperties) = preSolution
		HideSolutionNode = FALSE
	EndGlobalSection
	GlobalSection(ProjectConfigurationPlatforms) = postSolution
		{7DD5935D-7DE1-4D47-9857-A58AFB419D26}.Debug|Any CPU.ActiveCfg = Debug|Any CPU
		{7DD5935D-7DE1-4D47-9857-A58AFB419D26}.Debug|Any CPU.Build.0 = Debug|Any CPU
		{7DD5935D-7DE1-4D47-9857-A58AFB419D26}.Release|Any CPU.ActiveCfg = Release|Any CPU
		{7DD5935D-7DE1-4D47-9857-A58AFB419D26}.Release|Any CPU.Build.0 = Release|Any CPU
		{4C6B2DDF-E764-426A-8A4C-523C66554360}.Debug|Any CPU.ActiveCfg = Debug|Any CPU
		{4C6B2DDF-E764-426A-8A4C-523C66554360}.Debug|Any CPU.Build.0 = Debug|Any CPU
		{4C6B2DDF-E764-426A-8A4C-523C66554360}.Release|Any CPU.ActiveCfg = Release|Any CPU
		{4C6B2DDF-E764-426A-8A4C-523C66554360}.Release|Any CPU.Build.0 = Release|Any CPU
		{6C523AF3-2815-4197-9EB4-3F8C8BBC7C59}.Debug|Any CPU.ActiveCfg = Debug|Any CPU
		{6C523AF3-2815-4197-9EB4-3F8C8BBC7C59}.Debug|Any CPU.Build.0 = Debug|Any CPU
		{6C523AF3-2815-4197-9EB4-3F8C8BBC7C59}.Release|Any CPU.ActiveCfg = Release|Any CPU
		{6C523AF3-2815-4197-9EB4-3F8C8BBC7C59}.Release|Any CPU.Build.0 = Release|Any CPU
		{AE2986D1-4355-497C-9550-E19BE5CDA7C7}.Debug|Any CPU.ActiveCfg = Debug|Any CPU
		{AE2986D1-4355-497C-9550-E19BE5CDA7C7}.Debug|Any CPU.Build.0 = Debug|Any CPU
		{AE2986D1-4355-497C-9550-E19BE5CDA7C7}.Release|Any CPU.ActiveCfg = Release|Any CPU
		{AE2986D1-4355-497C-9550-E19BE5CDA7C7}.Release|Any CPU.Build.0 = Release|Any CPU
		{384E5547-E9BA-4E8D-884B-035DA3B8B0A0}.Debug|Any CPU.ActiveCfg = Debug|Any CPU
		{384E5547-E9BA-4E8D-884B-035DA3B8B0A0}.Debug|Any CPU.Build.0 = Debug|Any CPU
		{384E5547-E9BA-4E8D-884B-035DA3B8B0A0}.Release|Any CPU.ActiveCfg = Release|Any CPU
		{384E5547-E9BA-4E8D-884B-035DA3B8B0A0}.Release|Any CPU.Build.0 = Release|Any CPU
		{13D256C2-067F-458B-8230-919A448157D8}.Debug|Any CPU.ActiveCfg = Debug|Any CPU
		{13D256C2-067F-458B-8230-919A448157D8}.Debug|Any CPU.Build.0 = Debug|Any CPU
		{13D256C2-067F-458B-8230-919A448157D8}.Release|Any CPU.ActiveCfg = Release|Any CPU
		{13D256C2-067F-458B-8230-919A448157D8}.Release|Any CPU.Build.0 = Release|Any CPU
	EndGlobalSection
	GlobalSection(NestedProjects) = preSolution
		{6C523AF3-2815-4197-9EB4-3F8C8BBC7C59} = {668476BA-41AC-4180-A60A-9A8000918553}
		{AE2986D1-4355-497C-9550-E19BE5CDA7C7} = {668476BA-41AC-4180-A60A-9A8000918553}
		{384E5547-E9BA-4E8D-884B-035DA3B8B0A0} = {668476BA-41AC-4180-A60A-9A8000918553}
		{13D256C2-067F-458B-8230-919A448157D8} = {668476BA-41AC-4180-A60A-9A8000918553}
	EndGlobalSection
EndGlobal
